
Microsoft Visual Studio Solution File, Format Version 12.00
# Visual Studio Version 17
VisualStudioVersion = 17.1.32414.318
MinimumVisualStudioVersion = 10.0.40219.1
Project("{9A19103F-16F7-4668-BE54-9A1E7A4F7556}") = "InternetAuction.API", "InternetAuction.API\InternetAuction.API.csproj", "{209F4EF5-B9C0-4436-9A66-3CF29D04C028}"
EndProject
Project("{9A19103F-16F7-4668-BE54-9A1E7A4F7556}") = "InternetAuction.DAL", "InternetAuction.DAL\InternetAuction.DAL.csproj", "{96BD5BC9-D69D-495D-925B-21D8D3A82263}"
EndProject
Project("{9A19103F-16F7-4668-BE54-9A1E7A4F7556}") = "InternetAuction.BLL", "InternetAuction.BLL\InternetAuction.BLL.csproj", "{CA80DC6B-67C2-43ED-B575-A7F85E0EF5A8}"
EndProject
Project("{9A19103F-16F7-4668-BE54-9A1E7A4F7556}") = "InternetAuction.Identity", "InternetAuction.Identity\InternetAuction.Identity.csproj", "{031149F2-4097-4647-AA38-9AE33A27EC80}"
EndProject
Project("{FAE04EC0-301F-11D3-BF4B-00C04F79EFBC}") = "InternetAuction.BLL.Tests", "InternetAuction.BLL.Tests\InternetAuction.BLL.Tests.csproj", "{D5D23307-61E0-4217-B04E-215BAABFE38C}"
EndProject
Global
	GlobalSection(SolutionConfigurationPlatforms) = preSolution
		Debug|Any CPU = Debug|Any CPU
		Release|Any CPU = Release|Any CPU
	EndGlobalSection
	GlobalSection(ProjectConfigurationPlatforms) = postSolution
		{209F4EF5-B9C0-4436-9A66-3CF29D04C028}.Debug|Any CPU.ActiveCfg = Debug|Any CPU
		{209F4EF5-B9C0-4436-9A66-3CF29D04C028}.Debug|Any CPU.Build.0 = Debug|Any CPU
		{209F4EF5-B9C0-4436-9A66-3CF29D04C028}.Release|Any CPU.ActiveCfg = Release|Any CPU
		{209F4EF5-B9C0-4436-9A66-3CF29D04C028}.Release|Any CPU.Build.0 = Release|Any CPU
		{96BD5BC9-D69D-495D-925B-21D8D3A82263}.Debug|Any CPU.ActiveCfg = Debug|Any CPU
		{96BD5BC9-D69D-495D-925B-21D8D3A82263}.Debug|Any CPU.Build.0 = Debug|Any CPU
		{96BD5BC9-D69D-495D-925B-21D8D3A82263}.Release|Any CPU.ActiveCfg = Release|Any CPU
		{96BD5BC9-D69D-495D-925B-21D8D3A82263}.Release|Any CPU.Build.0 = Release|Any CPU
		{CA80DC6B-67C2-43ED-B575-A7F85E0EF5A8}.Debug|Any CPU.ActiveCfg = Debug|Any CPU
		{CA80DC6B-67C2-43ED-B575-A7F85E0EF5A8}.Debug|Any CPU.Build.0 = Debug|Any CPU
		{CA80DC6B-67C2-43ED-B575-A7F85E0EF5A8}.Release|Any CPU.ActiveCfg = Release|Any CPU
		{CA80DC6B-67C2-43ED-B575-A7F85E0EF5A8}.Release|Any CPU.Build.0 = Release|Any CPU
		{031149F2-4097-4647-AA38-9AE33A27EC80}.Debug|Any CPU.ActiveCfg = Debug|Any CPU
		{031149F2-4097-4647-AA38-9AE33A27EC80}.Debug|Any CPU.Build.0 = Debug|Any CPU
		{031149F2-4097-4647-AA38-9AE33A27EC80}.Release|Any CPU.ActiveCfg = Release|Any CPU
		{031149F2-4097-4647-AA38-9AE33A27EC80}.Release|Any CPU.Build.0 = Release|Any CPU
		{D5D23307-61E0-4217-B04E-215BAABFE38C}.Debug|Any CPU.ActiveCfg = Debug|Any CPU
		{D5D23307-61E0-4217-B04E-215BAABFE38C}.Debug|Any CPU.Build.0 = Debug|Any CPU
		{D5D23307-61E0-4217-B04E-215BAABFE38C}.Release|Any CPU.ActiveCfg = Release|Any CPU
		{D5D23307-61E0-4217-B04E-215BAABFE38C}.Release|Any CPU.Build.0 = Release|Any CPU
	EndGlobalSection
	GlobalSection(SolutionProperties) = preSolution
		HideSolutionNode = FALSE
	EndGlobalSection
	GlobalSection(ExtensibilityGlobals) = postSolution
		SolutionGuid = {D2F8A5E6-9704-4145-8279-FA33BB250F86}
	EndGlobalSection
EndGlobal
